
Microsoft Visual Studio Solution File, Format Version 12.00
# Visual Studio 2012
Project("{8BC9CEB8-8B4A-11D0-8D11-00A0C91BC942}") = "MusicPlayerWin32MP3", "MusicPlayerWin32MP3\MusicPlayerWin32MP3.vcxproj", "{43217FF6-172A-49A8-8585-C6EE506A8CD1}"
EndProject
Global
	GlobalSection(SolutionConfigurationPlatforms) = preSolution
		Debug|Win32 = Debug|Win32
		Release|Win32 = Release|Win32
	EndGlobalSection
	GlobalSection(ProjectConfigurationPlatforms) = postSolution
		{43217FF6-172A-49A8-8585-C6EE506A8CD1}.Debug|Win32.ActiveCfg = Debug|Win32
		{43217FF6-172A-49A8-8585-C6EE506A8CD1}.Debug|Win32.Build.0 = Debug|Win32
		{43217FF6-172A-49A8-8585-C6EE506A8CD1}.Release|Win32.ActiveCfg = Release|Win32
		{43217FF6-172A-49A8-8585-C6EE506A8CD1}.Release|Win32.Build.0 = Release|Win32
	EndGlobalSection
	GlobalSection(SolutionProperties) = preSolution
		HideSolutionNode = FALSE
	EndGlobalSection
EndGlobal
